
Microsoft Visual Studio Solution File, Format Version 12.00
# Visual Studio Version 17
VisualStudioVersion = 17.14.36429.23 d17.14
MinimumVisualStudioVersion = 10.0.40219.1
Project("{888888A0-9F3D-457C-B088-3A5042F75D52}") = "plab1", "plab1\plab1.pyproj", "{78100B6A-A8B3-41ED-AAC1-CE7086C7132C}"
EndProject
Global
	GlobalSection(SolutionConfigurationPlatforms) = preSolution
		Debug|Any CPU = Debug|Any CPU
		Release|Any CPU = Release|Any CPU
	EndGlobalSection
	GlobalSection(ProjectConfigurationPlatforms) = postSolution
		{78100B6A-A8B3-41ED-AAC1-CE7086C7132C}.Debug|Any CPU.ActiveCfg = Debug|Any CPU
		{78100B6A-A8B3-41ED-AAC1-CE7086C7132C}.Release|Any CPU.ActiveCfg = Release|Any CPU
	EndGlobalSection
	GlobalSection(SolutionProperties) = preSolution
		HideSolutionNode = FALSE
	EndGlobalSection
	GlobalSection(ExtensibilityGlobals) = postSolution
		SolutionGuid = {81ABC019-0F1C-4EDB-92D4-E753FED154A1}
	EndGlobalSection
EndGlobal
